
Microsoft Visual Studio Solution File, Format Version 12.00
# Visual Studio Version 17
VisualStudioVersion = 17.0.31903.59
MinimumVisualStudioVersion = 10.0.40219.1
Project("{FAE04EC0-301F-11D3-BF4B-00C04F79EFBC}") = "AsyncCli", "AsyncCli\AsyncCli.csproj", "{E19E4963-CE68-4CD3-8B97-57227398F323}"
EndProject
Project("{FAE04EC0-301F-11D3-BF4B-00C04F79EFBC}") = "MsgLib", "MsgLib\MsgLib.csproj", "{305E965D-52A1-4BEE-89B3-501211869BB9}"
EndProject
Global
	GlobalSection(SolutionConfigurationPlatforms) = preSolution
		Debug|Any CPU = Debug|Any CPU
		Release|Any CPU = Release|Any CPU
	EndGlobalSection
	GlobalSection(SolutionProperties) = preSolution
		HideSolutionNode = FALSE
	EndGlobalSection
	GlobalSection(ProjectConfigurationPlatforms) = postSolution
		{E19E4963-CE68-4CD3-8B97-57227398F323}.Debug|Any CPU.ActiveCfg = Debug|Any CPU
		{E19E4963-CE68-4CD3-8B97-57227398F323}.Debug|Any CPU.Build.0 = Debug|Any CPU
		{E19E4963-CE68-4CD3-8B97-57227398F323}.Release|Any CPU.ActiveCfg = Release|Any CPU
		{E19E4963-CE68-4CD3-8B97-57227398F323}.Release|Any CPU.Build.0 = Release|Any CPU
		{305E965D-52A1-4BEE-89B3-501211869BB9}.Debug|Any CPU.ActiveCfg = Debug|Any CPU
		{305E965D-52A1-4BEE-89B3-501211869BB9}.Debug|Any CPU.Build.0 = Debug|Any CPU
		{305E965D-52A1-4BEE-89B3-501211869BB9}.Release|Any CPU.ActiveCfg = Release|Any CPU
		{305E965D-52A1-4BEE-89B3-501211869BB9}.Release|Any CPU.Build.0 = Release|Any CPU
	EndGlobalSection
EndGlobal
